
Microsoft Visual Studio Solution File, Format Version 12.00
# Visual Studio Version 17
VisualStudioVersion = 17.2.32526.322
MinimumVisualStudioVersion = 10.0.40219.1
Project("{9A19103F-16F7-4668-BE54-9A1E7A4F7556}") = "ProyectoServidor", "ProyectoServidor\ProyectoServidor.csproj", "{0E8FEB72-E0E4-4640-85C8-BF38B81D5837}"
EndProject
Project("{9A19103F-16F7-4668-BE54-9A1E7A4F7556}") = "ProyectoCliente", "ProyectoCliente\ProyectoCliente.csproj", "{D59404CE-8214-440B-A594-E8D252C02362}"
EndProject
Project("{9A19103F-16F7-4668-BE54-9A1E7A4F7556}") = "AccesoDatos", "AccesoDatos\AccesoDatos.csproj", "{5EB0364D-CC74-478F-B6EB-AE5C301076C0}"
EndProject
Project("{9A19103F-16F7-4668-BE54-9A1E7A4F7556}") = "Serializar", "Serializar\Serializar.csproj", "{2EEE345A-83E0-4F92-BF96-684889787130}"
EndProject
Project("{9A19103F-16F7-4668-BE54-9A1E7A4F7556}") = "CapaEntidades", "CapaEntidades\CapaEntidades.csproj", "{6F0558DD-2D47-43FC-8563-4F8ED78F5E71}"
EndProject
Global
	GlobalSection(SolutionConfigurationPlatforms) = preSolution
		Debug|Any CPU = Debug|Any CPU
		Release|Any CPU = Release|Any CPU
	EndGlobalSection
	GlobalSection(ProjectConfigurationPlatforms) = postSolution
		{0E8FEB72-E0E4-4640-85C8-BF38B81D5837}.Debug|Any CPU.ActiveCfg = Debug|Any CPU
		{0E8FEB72-E0E4-4640-85C8-BF38B81D5837}.Debug|Any CPU.Build.0 = Debug|Any CPU
		{0E8FEB72-E0E4-4640-85C8-BF38B81D5837}.Release|Any CPU.ActiveCfg = Release|Any CPU
		{0E8FEB72-E0E4-4640-85C8-BF38B81D5837}.Release|Any CPU.Build.0 = Release|Any CPU
		{D59404CE-8214-440B-A594-E8D252C02362}.Debug|Any CPU.ActiveCfg = Debug|Any CPU
		{D59404CE-8214-440B-A594-E8D252C02362}.Debug|Any CPU.Build.0 = Debug|Any CPU
		{D59404CE-8214-440B-A594-E8D252C02362}.Release|Any CPU.ActiveCfg = Release|Any CPU
		{D59404CE-8214-440B-A594-E8D252C02362}.Release|Any CPU.Build.0 = Release|Any CPU
		{5EB0364D-CC74-478F-B6EB-AE5C301076C0}.Debug|Any CPU.ActiveCfg = Debug|Any CPU
		{5EB0364D-CC74-478F-B6EB-AE5C301076C0}.Debug|Any CPU.Build.0 = Debug|Any CPU
		{5EB0364D-CC74-478F-B6EB-AE5C301076C0}.Release|Any CPU.ActiveCfg = Release|Any CPU
		{5EB0364D-CC74-478F-B6EB-AE5C301076C0}.Release|Any CPU.Build.0 = Release|Any CPU
		{2EEE345A-83E0-4F92-BF96-684889787130}.Debug|Any CPU.ActiveCfg = Debug|Any CPU
		{2EEE345A-83E0-4F92-BF96-684889787130}.Debug|Any CPU.Build.0 = Debug|Any CPU
		{2EEE345A-83E0-4F92-BF96-684889787130}.Release|Any CPU.ActiveCfg = Release|Any CPU
		{2EEE345A-83E0-4F92-BF96-684889787130}.Release|Any CPU.Build.0 = Release|Any CPU
		{6F0558DD-2D47-43FC-8563-4F8ED78F5E71}.Debug|Any CPU.ActiveCfg = Debug|Any CPU
		{6F0558DD-2D47-43FC-8563-4F8ED78F5E71}.Debug|Any CPU.Build.0 = Debug|Any CPU
		{6F0558DD-2D47-43FC-8563-4F8ED78F5E71}.Release|Any CPU.ActiveCfg = Release|Any CPU
		{6F0558DD-2D47-43FC-8563-4F8ED78F5E71}.Release|Any CPU.Build.0 = Release|Any CPU
	EndGlobalSection
	GlobalSection(SolutionProperties) = preSolution
		HideSolutionNode = FALSE
	EndGlobalSection
	GlobalSection(ExtensibilityGlobals) = postSolution
		SolutionGuid = {03521F75-5812-4591-8F76-A3E0411136E0}
	EndGlobalSection
EndGlobal
